
Microsoft Visual Studio Solution File, Format Version 12.00
# Visual Studio 14
VisualStudioVersion = 14.0.25123.0
MinimumVisualStudioVersion = 10.0.40219.1
Project("{FAE04EC0-301F-11D3-BF4B-00C04F79EFBC}") = "ProfileOptimizationDemo", "ProfileOptimizationDemo\ProfileOptimizationDemo.csproj", "{D8D7163C-C35E-4995-AFBE-9CAA86348C8F}"
EndProject
Project("{FAE04EC0-301F-11D3-BF4B-00C04F79EFBC}") = "DumpAppDomainDemo", "DumpAppDomainDemo\DumpAppDomainDemo.csproj", "{9673945E-E8D8-4129-8E8F-EA6E71A2FF0E}"
EndProject
Project("{FAE04EC0-301F-11D3-BF4B-00C04F79EFBC}") = "Finalization", "Finalization\Finalization.csproj", "{A86629CD-A055-4069-9CE4-14A6A6035200}"
EndProject
Project("{FAE04EC0-301F-11D3-BF4B-00C04F79EFBC}") = "TheDisposePattern", "TheDisposePattern\TheDisposePattern.csproj", "{ACC94541-CD06-40F4-95CE-8A3F26ADD838}"
EndProject
Project("{FAE04EC0-301F-11D3-BF4B-00C04F79EFBC}") = "UsingGCHandle", "UsingGCHandle\UsingGCHandle.csproj", "{1B5ED9E3-5097-4671-9C15-74847A8F59FE}"
EndProject
Project("{FAE04EC0-301F-11D3-BF4B-00C04F79EFBC}") = "WeakReferenceDemo", "WeakReferenceDemo\WeakReferenceDemo.csproj", "{5981CEAA-D400-4E00-B186-BD40688AFE93}"
EndProject
Project("{FAE04EC0-301F-11D3-BF4B-00C04F79EFBC}") = "AppDomainMonitor", "AppDomainMonitor\AppDomainMonitor.csproj", "{A817F53C-673A-4691-B27C-CA208B2B7961}"
EndProject
Project("{2150E333-8FDC-42A3-9474-1A3956D46DE8}") = "Concurrent", "Concurrent", "{45606C39-488E-48D2-9E00-A30EF4E67BE3}"
EndProject
Project("{FAE04EC0-301F-11D3-BF4B-00C04F79EFBC}") = "GettingBackTheFreeLunch", "TPL\GettingBackTheFreeLunch\GettingBackTheFreeLunch.csproj", "{6A004379-466B-49F4-966F-5089DF997AC4}"
EndProject
Project("{FAE04EC0-301F-11D3-BF4B-00C04F79EFBC}") = "ParallelSort", "TPL\ParallelSort\ParallelSort.csproj", "{344EC66D-56C2-44E8-AE13-BD838312F7E0}"
EndProject
Project("{FAE04EC0-301F-11D3-BF4B-00C04F79EFBC}") = "UnwrapAndAwait", "TPL\UnwrapAndAwait\UnwrapAndAwait.csproj", "{872C3AA4-D5E1-4A78-B219-EA2316181B73}"
EndProject
Project("{FAE04EC0-301F-11D3-BF4B-00C04F79EFBC}") = "TaskContinuation", "TPL\TaskContinuation\TaskContinuation.csproj", "{03EFAED0-EF8B-4EFE-8122-1557D3F4FD0C}"
EndProject
Project("{FAE04EC0-301F-11D3-BF4B-00C04F79EFBC}") = "Cancellation", "TPL\Cancellation\Cancellation.csproj", "{0A1DFC41-0E1B-4DB9-BC88-FAD8A8B37E0E}"
EndProject
Project("{FAE04EC0-301F-11D3-BF4B-00C04F79EFBC}") = "ParallelInvoke", "TPL\ParallelInvoke\ParallelInvoke.csproj", "{FFB19302-6465-4137-9E40-C6BBA2638323}"
EndProject
Project("{FAE04EC0-301F-11D3-BF4B-00C04F79EFBC}") = "ParallelDemo", "TPL\ParallelDemo\ParallelDemo.csproj", "{CB1A339B-9A13-4396-8010-CC8208A6E695}"
EndProject
Project("{FAE04EC0-301F-11D3-BF4B-00C04F79EFBC}") = "PLINQ", "TPL\PLINQ\PLINQ.csproj", "{5AB1E418-E88E-43F1-8C73-EC317E18D985}"
EndProject
Project("{FAE04EC0-301F-11D3-BF4B-00C04F79EFBC}") = "PLINQCancellation", "TPL\PLINQCancellation\PLINQCancellation.csproj", "{B725D611-D785-4A32-A31E-C44EC438DD8B}"
EndProject
Global
	GlobalSection(Performance) = preSolution
		HasPerformanceSessions = true
	EndGlobalSection
	GlobalSection(SolutionConfigurationPlatforms) = preSolution
		Debug|Any CPU = Debug|Any CPU
		Debug|x64 = Debug|x64
		Debug|x86 = Debug|x86
		Release|Any CPU = Release|Any CPU
		Release|x64 = Release|x64
		Release|x86 = Release|x86
	EndGlobalSection
	GlobalSection(ProjectConfigurationPlatforms) = postSolution
		{D8D7163C-C35E-4995-AFBE-9CAA86348C8F}.Debug|Any CPU.ActiveCfg = Debug|Any CPU
		{D8D7163C-C35E-4995-AFBE-9CAA86348C8F}.Debug|Any CPU.Build.0 = Debug|Any CPU
		{D8D7163C-C35E-4995-AFBE-9CAA86348C8F}.Debug|x64.ActiveCfg = Debug|x64
		{D8D7163C-C35E-4995-AFBE-9CAA86348C8F}.Debug|x64.Build.0 = Debug|x64
		{D8D7163C-C35E-4995-AFBE-9CAA86348C8F}.Debug|x86.ActiveCfg = Debug|x86
		{D8D7163C-C35E-4995-AFBE-9CAA86348C8F}.Debug|x86.Build.0 = Debug|x86
		{D8D7163C-C35E-4995-AFBE-9CAA86348C8F}.Release|Any CPU.ActiveCfg = Release|Any CPU
		{D8D7163C-C35E-4995-AFBE-9CAA86348C8F}.Release|Any CPU.Build.0 = Release|Any CPU
		{D8D7163C-C35E-4995-AFBE-9CAA86348C8F}.Release|x64.ActiveCfg = Release|x64
		{D8D7163C-C35E-4995-AFBE-9CAA86348C8F}.Release|x64.Build.0 = Release|x64
		{D8D7163C-C35E-4995-AFBE-9CAA86348C8F}.Release|x86.ActiveCfg = Release|x86
		{D8D7163C-C35E-4995-AFBE-9CAA86348C8F}.Release|x86.Build.0 = Release|x86
		{9673945E-E8D8-4129-8E8F-EA6E71A2FF0E}.Debug|Any CPU.ActiveCfg = Debug|Any CPU
		{9673945E-E8D8-4129-8E8F-EA6E71A2FF0E}.Debug|Any CPU.Build.0 = Debug|Any CPU
		{9673945E-E8D8-4129-8E8F-EA6E71A2FF0E}.Debug|x64.ActiveCfg = Debug|Any CPU
		{9673945E-E8D8-4129-8E8F-EA6E71A2FF0E}.Debug|x64.Build.0 = Debug|Any CPU
		{9673945E-E8D8-4129-8E8F-EA6E71A2FF0E}.Debug|x86.ActiveCfg = Debug|x86
		{9673945E-E8D8-4129-8E8F-EA6E71A2FF0E}.Debug|x86.Build.0 = Debug|x86
		{9673945E-E8D8-4129-8E8F-EA6E71A2FF0E}.Release|Any CPU.ActiveCfg = Release|Any CPU
		{9673945E-E8D8-4129-8E8F-EA6E71A2FF0E}.Release|Any CPU.Build.0 = Release|Any CPU
		{9673945E-E8D8-4129-8E8F-EA6E71A2FF0E}.Release|x64.ActiveCfg = Release|Any CPU
		{9673945E-E8D8-4129-8E8F-EA6E71A2FF0E}.Release|x64.Build.0 = Release|Any CPU
		{9673945E-E8D8-4129-8E8F-EA6E71A2FF0E}.Release|x86.ActiveCfg = Release|x86
		{9673945E-E8D8-4129-8E8F-EA6E71A2FF0E}.Release|x86.Build.0 = Release|x86
		{A86629CD-A055-4069-9CE4-14A6A6035200}.Debug|Any CPU.ActiveCfg = Debug|Any CPU
		{A86629CD-A055-4069-9CE4-14A6A6035200}.Debug|Any CPU.Build.0 = Debug|Any CPU
		{A86629CD-A055-4069-9CE4-14A6A6035200}.Debug|x64.ActiveCfg = Debug|Any CPU
		{A86629CD-A055-4069-9CE4-14A6A6035200}.Debug|x64.Build.0 = Debug|Any CPU
		{A86629CD-A055-4069-9CE4-14A6A6035200}.Debug|x86.ActiveCfg = Debug|Any CPU
		{A86629CD-A055-4069-9CE4-14A6A6035200}.Debug|x86.Build.0 = Debug|Any CPU
		{A86629CD-A055-4069-9CE4-14A6A6035200}.Release|Any CPU.ActiveCfg = Release|Any CPU
		{A86629CD-A055-4069-9CE4-14A6A6035200}.Release|Any CPU.Build.0 = Release|Any CPU
		{A86629CD-A055-4069-9CE4-14A6A6035200}.Release|x64.ActiveCfg = Release|Any CPU
		{A86629CD-A055-4069-9CE4-14A6A6035200}.Release|x64.Build.0 = Release|Any CPU
		{A86629CD-A055-4069-9CE4-14A6A6035200}.Release|x86.ActiveCfg = Release|Any CPU
		{A86629CD-A055-4069-9CE4-14A6A6035200}.Release|x86.Build.0 = Release|Any CPU
		{ACC94541-CD06-40F4-95CE-8A3F26ADD838}.Debug|Any CPU.ActiveCfg = Debug|Any CPU
		{ACC94541-CD06-40F4-95CE-8A3F26ADD838}.Debug|Any CPU.Build.0 = Debug|Any CPU
		{ACC94541-CD06-40F4-95CE-8A3F26ADD838}.Debug|x64.ActiveCfg = Debug|Any CPU
		{ACC94541-CD06-40F4-95CE-8A3F26ADD838}.Debug|x64.Build.0 = Debug|Any CPU
		{ACC94541-CD06-40F4-95CE-8A3F26ADD838}.Debug|x86.ActiveCfg = Debug|Any CPU
		{ACC94541-CD06-40F4-95CE-8A3F26ADD838}.Debug|x86.Build.0 = Debug|Any CPU
		{ACC94541-CD06-40F4-95CE-8A3F26ADD838}.Release|Any CPU.ActiveCfg = Release|Any CPU
		{ACC94541-CD06-40F4-95CE-8A3F26ADD838}.Release|Any CPU.Build.0 = Release|Any CPU
		{ACC94541-CD06-40F4-95CE-8A3F26ADD838}.Release|x64.ActiveCfg = Release|Any CPU
		{ACC94541-CD06-40F4-95CE-8A3F26ADD838}.Release|x64.Build.0 = Release|Any CPU
		{ACC94541-CD06-40F4-95CE-8A3F26ADD838}.Release|x86.ActiveCfg = Release|Any CPU
		{ACC94541-CD06-40F4-95CE-8A3F26ADD838}.Release|x86.Build.0 = Release|Any CPU
		{1B5ED9E3-5097-4671-9C15-74847A8F59FE}.Debug|Any CPU.ActiveCfg = Debug|Any CPU
		{1B5ED9E3-5097-4671-9C15-74847A8F59FE}.Debug|Any CPU.Build.0 = Debug|Any CPU
		{1B5ED9E3-5097-4671-9C15-74847A8F59FE}.Debug|x64.ActiveCfg = Debug|Any CPU
		{1B5ED9E3-5097-4671-9C15-74847A8F59FE}.Debug|x64.Build.0 = Debug|Any CPU
		{1B5ED9E3-5097-4671-9C15-74847A8F59FE}.Debug|x86.ActiveCfg = Debug|Any CPU
		{1B5ED9E3-5097-4671-9C15-74847A8F59FE}.Debug|x86.Build.0 = Debug|Any CPU
		{1B5ED9E3-5097-4671-9C15-74847A8F59FE}.Release|Any CPU.ActiveCfg = Release|Any CPU
		{1B5ED9E3-5097-4671-9C15-74847A8F59FE}.Release|Any CPU.Build.0 = Release|Any CPU
		{1B5ED9E3-5097-4671-9C15-74847A8F59FE}.Release|x64.ActiveCfg = Release|Any CPU
		{1B5ED9E3-5097-4671-9C15-74847A8F59FE}.Release|x64.Build.0 = Release|Any CPU
		{1B5ED9E3-5097-4671-9C15-74847A8F59FE}.Release|x86.ActiveCfg = Release|Any CPU
		{1B5ED9E3-5097-4671-9C15-74847A8F59FE}.Release|x86.Build.0 = Release|Any CPU
		{5981CEAA-D400-4E00-B186-BD40688AFE93}.Debug|Any CPU.ActiveCfg = Debug|Any CPU
		{5981CEAA-D400-4E00-B186-BD40688AFE93}.Debug|Any CPU.Build.0 = Debug|Any CPU
		{5981CEAA-D400-4E00-B186-BD40688AFE93}.Debug|x64.ActiveCfg = Debug|Any CPU
		{5981CEAA-D400-4E00-B186-BD40688AFE93}.Debug|x64.Build.0 = Debug|Any CPU
		{5981CEAA-D400-4E00-B186-BD40688AFE93}.Debug|x86.ActiveCfg = Debug|Any CPU
		{5981CEAA-D400-4E00-B186-BD40688AFE93}.Debug|x86.Build.0 = Debug|Any CPU
		{5981CEAA-D400-4E00-B186-BD40688AFE93}.Release|Any CPU.ActiveCfg = Release|Any CPU
		{5981CEAA-D400-4E00-B186-BD40688AFE93}.Release|Any CPU.Build.0 = Release|Any CPU
		{5981CEAA-D400-4E00-B186-BD40688AFE93}.Release|x64.ActiveCfg = Release|Any CPU
		{5981CEAA-D400-4E00-B186-BD40688AFE93}.Release|x64.Build.0 = Release|Any CPU
		{5981CEAA-D400-4E00-B186-BD40688AFE93}.Release|x86.ActiveCfg = Release|Any CPU
		{5981CEAA-D400-4E00-B186-BD40688AFE93}.Release|x86.Build.0 = Release|Any CPU
		{A817F53C-673A-4691-B27C-CA208B2B7961}.Debug|Any CPU.ActiveCfg = Debug|Any CPU
		{A817F53C-673A-4691-B27C-CA208B2B7961}.Debug|Any CPU.Build.0 = Debug|Any CPU
		{A817F53C-673A-4691-B27C-CA208B2B7961}.Debug|x64.ActiveCfg = Debug|x64
		{A817F53C-673A-4691-B27C-CA208B2B7961}.Debug|x64.Build.0 = Debug|x64
		{A817F53C-673A-4691-B27C-CA208B2B7961}.Debug|x86.ActiveCfg = Debug|x86
		{A817F53C-673A-4691-B27C-CA208B2B7961}.Debug|x86.Build.0 = Debug|x86
		{A817F53C-673A-4691-B27C-CA208B2B7961}.Release|Any CPU.ActiveCfg = Release|Any CPU
		{A817F53C-673A-4691-B27C-CA208B2B7961}.Release|Any CPU.Build.0 = Release|Any CPU
		{A817F53C-673A-4691-B27C-CA208B2B7961}.Release|x64.ActiveCfg = Release|x64
		{A817F53C-673A-4691-B27C-CA208B2B7961}.Release|x64.Build.0 = Release|x64
		{A817F53C-673A-4691-B27C-CA208B2B7961}.Release|x86.ActiveCfg = Release|x86
		{A817F53C-673A-4691-B27C-CA208B2B7961}.Release|x86.Build.0 = Release|x86
		{6A004379-466B-49F4-966F-5089DF997AC4}.Debug|Any CPU.ActiveCfg = Debug|Any CPU
		{6A004379-466B-49F4-966F-5089DF997AC4}.Debug|Any CPU.Build.0 = Debug|Any CPU
		{6A004379-466B-49F4-966F-5089DF997AC4}.Debug|x64.ActiveCfg = Debug|x64
		{6A004379-466B-49F4-966F-5089DF997AC4}.Debug|x64.Build.0 = Debug|x64
		{6A004379-466B-49F4-966F-5089DF997AC4}.Debug|x86.ActiveCfg = Debug|x86
		{6A004379-466B-49F4-966F-5089DF997AC4}.Debug|x86.Build.0 = Debug|x86
		{6A004379-466B-49F4-966F-5089DF997AC4}.Release|Any CPU.ActiveCfg = Release|Any CPU
		{6A004379-466B-49F4-966F-5089DF997AC4}.Release|Any CPU.Build.0 = Release|Any CPU
		{6A004379-466B-49F4-966F-5089DF997AC4}.Release|x64.ActiveCfg = Release|x64
		{6A004379-466B-49F4-966F-5089DF997AC4}.Release|x64.Build.0 = Release|x64
		{6A004379-466B-49F4-966F-5089DF997AC4}.Release|x86.ActiveCfg = Release|x86
		{6A004379-466B-49F4-966F-5089DF997AC4}.Release|x86.Build.0 = Release|x86
		{344EC66D-56C2-44E8-AE13-BD838312F7E0}.Debug|Any CPU.ActiveCfg = Debug|x86
		{344EC66D-56C2-44E8-AE13-BD838312F7E0}.Debug|x64.ActiveCfg = Debug|x64
		{344EC66D-56C2-44E8-AE13-BD838312F7E0}.Debug|x64.Build.0 = Debug|x64
		{344EC66D-56C2-44E8-AE13-BD838312F7E0}.Debug|x86.ActiveCfg = Debug|x86
		{344EC66D-56C2-44E8-AE13-BD838312F7E0}.Debug|x86.Build.0 = Debug|x86
		{344EC66D-56C2-44E8-AE13-BD838312F7E0}.Release|Any CPU.ActiveCfg = Release|x86
		{344EC66D-56C2-44E8-AE13-BD838312F7E0}.Release|x64.ActiveCfg = Release|x64
		{344EC66D-56C2-44E8-AE13-BD838312F7E0}.Release|x64.Build.0 = Release|x64
		{344EC66D-56C2-44E8-AE13-BD838312F7E0}.Release|x86.ActiveCfg = Release|x86
		{344EC66D-56C2-44E8-AE13-BD838312F7E0}.Release|x86.Build.0 = Release|x86
		{872C3AA4-D5E1-4A78-B219-EA2316181B73}.Debug|Any CPU.ActiveCfg = Debug|Any CPU
		{872C3AA4-D5E1-4A78-B219-EA2316181B73}.Debug|Any CPU.Build.0 = Debug|Any CPU
		{872C3AA4-D5E1-4A78-B219-EA2316181B73}.Debug|x64.ActiveCfg = Debug|Any CPU
		{872C3AA4-D5E1-4A78-B219-EA2316181B73}.Debug|x64.Build.0 = Debug|Any CPU
		{872C3AA4-D5E1-4A78-B219-EA2316181B73}.Debug|x86.ActiveCfg = Debug|Any CPU
		{872C3AA4-D5E1-4A78-B219-EA2316181B73}.Debug|x86.Build.0 = Debug|Any CPU
		{872C3AA4-D5E1-4A78-B219-EA2316181B73}.Release|Any CPU.ActiveCfg = Release|Any CPU
		{872C3AA4-D5E1-4A78-B219-EA2316181B73}.Release|Any CPU.Build.0 = Release|Any CPU
		{872C3AA4-D5E1-4A78-B219-EA2316181B73}.Release|x64.ActiveCfg = Release|Any CPU
		{872C3AA4-D5E1-4A78-B219-EA2316181B73}.Release|x64.Build.0 = Release|Any CPU
		{872C3AA4-D5E1-4A78-B219-EA2316181B73}.Release|x86.ActiveCfg = Release|Any CPU
		{872C3AA4-D5E1-4A78-B219-EA2316181B73}.Release|x86.Build.0 = Release|Any CPU
		{03EFAED0-EF8B-4EFE-8122-1557D3F4FD0C}.Debug|Any CPU.ActiveCfg = Debug|x86
		{03EFAED0-EF8B-4EFE-8122-1557D3F4FD0C}.Debug|x64.ActiveCfg = Debug|x64
		{03EFAED0-EF8B-4EFE-8122-1557D3F4FD0C}.Debug|x64.Build.0 = Debug|x64
		{03EFAED0-EF8B-4EFE-8122-1557D3F4FD0C}.Debug|x86.ActiveCfg = Debug|x86
		{03EFAED0-EF8B-4EFE-8122-1557D3F4FD0C}.Debug|x86.Build.0 = Debug|x86
		{03EFAED0-EF8B-4EFE-8122-1557D3F4FD0C}.Release|Any CPU.ActiveCfg = Release|x86
		{03EFAED0-EF8B-4EFE-8122-1557D3F4FD0C}.Release|x64.ActiveCfg = Release|x64
		{03EFAED0-EF8B-4EFE-8122-1557D3F4FD0C}.Release|x64.Build.0 = Release|x64
		{03EFAED0-EF8B-4EFE-8122-1557D3F4FD0C}.Release|x86.ActiveCfg = Release|x86
		{03EFAED0-EF8B-4EFE-8122-1557D3F4FD0C}.Release|x86.Build.0 = Release|x86
		{0A1DFC41-0E1B-4DB9-BC88-FAD8A8B37E0E}.Debug|Any CPU.ActiveCfg = Debug|x86
		{0A1DFC41-0E1B-4DB9-BC88-FAD8A8B37E0E}.Debug|x64.ActiveCfg = Debug|x64
		{0A1DFC41-0E1B-4DB9-BC88-FAD8A8B37E0E}.Debug|x64.Build.0 = Debug|x64
		{0A1DFC41-0E1B-4DB9-BC88-FAD8A8B37E0E}.Debug|x86.ActiveCfg = Debug|x86
		{0A1DFC41-0E1B-4DB9-BC88-FAD8A8B37E0E}.Debug|x86.Build.0 = Debug|x86
		{0A1DFC41-0E1B-4DB9-BC88-FAD8A8B37E0E}.Release|Any CPU.ActiveCfg = Release|x86
		{0A1DFC41-0E1B-4DB9-BC88-FAD8A8B37E0E}.Release|x64.ActiveCfg = Release|x64
		{0A1DFC41-0E1B-4DB9-BC88-FAD8A8B37E0E}.Release|x64.Build.0 = Release|x64
		{0A1DFC41-0E1B-4DB9-BC88-FAD8A8B37E0E}.Release|x86.ActiveCfg = Release|x86
		{0A1DFC41-0E1B-4DB9-BC88-FAD8A8B37E0E}.Release|x86.Build.0 = Release|x86
		{FFB19302-6465-4137-9E40-C6BBA2638323}.Debug|Any CPU.ActiveCfg = Debug|x86
		{FFB19302-6465-4137-9E40-C6BBA2638323}.Debug|x64.ActiveCfg = Debug|x64
		{FFB19302-6465-4137-9E40-C6BBA2638323}.Debug|x64.Build.0 = Debug|x64
		{FFB19302-6465-4137-9E40-C6BBA2638323}.Debug|x86.ActiveCfg = Debug|x86
		{FFB19302-6465-4137-9E40-C6BBA2638323}.Debug|x86.Build.0 = Debug|x86
		{FFB19302-6465-4137-9E40-C6BBA2638323}.Release|Any CPU.ActiveCfg = Release|x86
		{FFB19302-6465-4137-9E40-C6BBA2638323}.Release|x64.ActiveCfg = Release|x64
		{FFB19302-6465-4137-9E40-C6BBA2638323}.Release|x64.Build.0 = Release|x64
		{FFB19302-6465-4137-9E40-C6BBA2638323}.Release|x86.ActiveCfg = Release|x86
		{FFB19302-6465-4137-9E40-C6BBA2638323}.Release|x86.Build.0 = Release|x86
		{CB1A339B-9A13-4396-8010-CC8208A6E695}.Debug|Any CPU.ActiveCfg = Debug|Any CPU
		{CB1A339B-9A13-4396-8010-CC8208A6E695}.Debug|Any CPU.Build.0 = Debug|Any CPU
		{CB1A339B-9A13-4396-8010-CC8208A6E695}.Debug|x64.ActiveCfg = Debug|Any CPU
		{CB1A339B-9A13-4396-8010-CC8208A6E695}.Debug|x64.Build.0 = Debug|Any CPU
		{CB1A339B-9A13-4396-8010-CC8208A6E695}.Debug|x86.ActiveCfg = Debug|Any CPU
		{CB1A339B-9A13-4396-8010-CC8208A6E695}.Debug|x86.Build.0 = Debug|Any CPU
		{CB1A339B-9A13-4396-8010-CC8208A6E695}.Release|Any CPU.ActiveCfg = Release|Any CPU
		{CB1A339B-9A13-4396-8010-CC8208A6E695}.Release|Any CPU.Build.0 = Release|Any CPU
		{CB1A339B-9A13-4396-8010-CC8208A6E695}.Release|x64.ActiveCfg = Release|Any CPU
		{CB1A339B-9A13-4396-8010-CC8208A6E695}.Release|x64.Build.0 = Release|Any CPU
		{CB1A339B-9A13-4396-8010-CC8208A6E695}.Release|x86.ActiveCfg = Release|Any CPU
		{CB1A339B-9A13-4396-8010-CC8208A6E695}.Release|x86.Build.0 = Release|Any CPU
		{5AB1E418-E88E-43F1-8C73-EC317E18D985}.Debug|Any CPU.ActiveCfg = Debug|x86
		{5AB1E418-E88E-43F1-8C73-EC317E18D985}.Debug|x64.ActiveCfg = Debug|x64
		{5AB1E418-E88E-43F1-8C73-EC317E18D985}.Debug|x64.Build.0 = Debug|x64
		{5AB1E418-E88E-43F1-8C73-EC317E18D985}.Debug|x86.ActiveCfg = Debug|x86
		{5AB1E418-E88E-43F1-8C73-EC317E18D985}.Debug|x86.Build.0 = Debug|x86
		{5AB1E418-E88E-43F1-8C73-EC317E18D985}.Release|Any CPU.ActiveCfg = Release|x86
		{5AB1E418-E88E-43F1-8C73-EC317E18D985}.Release|x64.ActiveCfg = Release|x64
		{5AB1E418-E88E-43F1-8C73-EC317E18D985}.Release|x64.Build.0 = Release|x64
		{5AB1E418-E88E-43F1-8C73-EC317E18D985}.Release|x86.ActiveCfg = Release|x86
		{5AB1E418-E88E-43F1-8C73-EC317E18D985}.Release|x86.Build.0 = Release|x86
		{B725D611-D785-4A32-A31E-C44EC438DD8B}.Debug|Any CPU.ActiveCfg = Debug|x86
		{B725D611-D785-4A32-A31E-C44EC438DD8B}.Debug|x64.ActiveCfg = Debug|x64
		{B725D611-D785-4A32-A31E-C44EC438DD8B}.Debug|x64.Build.0 = Debug|x64
		{B725D611-D785-4A32-A31E-C44EC438DD8B}.Debug|x86.ActiveCfg = Debug|x86
		{B725D611-D785-4A32-A31E-C44EC438DD8B}.Debug|x86.Build.0 = Debug|x86
		{B725D611-D785-4A32-A31E-C44EC438DD8B}.Release|Any CPU.ActiveCfg = Release|x86
		{B725D611-D785-4A32-A31E-C44EC438DD8B}.Release|x64.ActiveCfg = Release|x64
		{B725D611-D785-4A32-A31E-C44EC438DD8B}.Release|x64.Build.0 = Release|x64
		{B725D611-D785-4A32-A31E-C44EC438DD8B}.Release|x86.ActiveCfg = Release|x86
		{B725D611-D785-4A32-A31E-C44EC438DD8B}.Release|x86.Build.0 = Release|x86
	EndGlobalSection
	GlobalSection(SolutionProperties) = preSolution
		HideSolutionNode = FALSE
	EndGlobalSection
	GlobalSection(NestedProjects) = preSolution
		{6A004379-466B-49F4-966F-5089DF997AC4} = {45606C39-488E-48D2-9E00-A30EF4E67BE3}
		{344EC66D-56C2-44E8-AE13-BD838312F7E0} = {45606C39-488E-48D2-9E00-A30EF4E67BE3}
		{872C3AA4-D5E1-4A78-B219-EA2316181B73} = {45606C39-488E-48D2-9E00-A30EF4E67BE3}
		{03EFAED0-EF8B-4EFE-8122-1557D3F4FD0C} = {45606C39-488E-48D2-9E00-A30EF4E67BE3}
		{0A1DFC41-0E1B-4DB9-BC88-FAD8A8B37E0E} = {45606C39-488E-48D2-9E00-A30EF4E67BE3}
		{FFB19302-6465-4137-9E40-C6BBA2638323} = {45606C39-488E-48D2-9E00-A30EF4E67BE3}
		{CB1A339B-9A13-4396-8010-CC8208A6E695} = {45606C39-488E-48D2-9E00-A30EF4E67BE3}
		{5AB1E418-E88E-43F1-8C73-EC317E18D985} = {45606C39-488E-48D2-9E00-A30EF4E67BE3}
		{B725D611-D785-4A32-A31E-C44EC438DD8B} = {45606C39-488E-48D2-9E00-A30EF4E67BE3}
	EndGlobalSection
EndGlobal
